// !$*UTF8*$!
{
	archiveVersion = 1;
	classes = {
	};
	objectVersion = 50;
	objects = {

/* Begin PBXBuildFile section */
		A92039C82418F658005CC0B7 /* BinaryTree.swift in Sources */ = {isa = PBXBuildFile; fileRef = A92039C72418F658005CC0B7 /* BinaryTree.swift */; };
		A92039E02419070C005CC0B7 /* LinkedListTest.swift in Sources */ = {isa = PBXBuildFile; fileRef = A92039DF2419070C005CC0B7 /* LinkedListTest.swift */; };
		A92039E424190783005CC0B7 /* BinaryTreeTest.swift in Sources */ = {isa = PBXBuildFile; fileRef = A92039E324190783005CC0B7 /* BinaryTreeTest.swift */; };
		A929673823D087B100807D6D /* AppDelegate.swift in Sources */ = {isa = PBXBuildFile; fileRef = A929673723D087B100807D6D /* AppDelegate.swift */; };
		A929673A23D087B100807D6D /* SceneDelegate.swift in Sources */ = {isa = PBXBuildFile; fileRef = A929673923D087B100807D6D /* SceneDelegate.swift */; };
		A929673C23D087B100807D6D /* ContentView.swift in Sources */ = {isa = PBXBuildFile; fileRef = A929673B23D087B100807D6D /* ContentView.swift */; };
		A929673E23D087B300807D6D /* Assets.xcassets in Resources */ = {isa = PBXBuildFile; fileRef = A929673D23D087B300807D6D /* Assets.xcassets */; };
		A929674123D087B300807D6D /* Preview Assets.xcassets in Resources */ = {isa = PBXBuildFile; fileRef = A929674023D087B300807D6D /* Preview Assets.xcassets */; };
		A929674423D087B300807D6D /* LaunchScreen.storyboard in Resources */ = {isa = PBXBuildFile; fileRef = A929674223D087B300807D6D /* LaunchScreen.storyboard */; };
		A929674C23D08B3A00807D6D /* Algorithms.swift in Sources */ = {isa = PBXBuildFile; fileRef = A929674B23D08B3A00807D6D /* Algorithms.swift */; };
		A932A5A42418EDD0008D31EE /* LinkedList.swift in Sources */ = {isa = PBXBuildFile; fileRef = A932A5A32418EDD0008D31EE /* LinkedList.swift */; };
		A946B50B241E523100978A8C /* Stack.swift in Sources */ = {isa = PBXBuildFile; fileRef = A946B50A241E523100978A8C /* Stack.swift */; };
		A9770F9823E50A01005F79E3 /* AlgorithmsTests.swift in Sources */ = {isa = PBXBuildFile; fileRef = A9770F9723E50A01005F79E3 /* AlgorithmsTests.swift */; };
		A9872B92240B8E9E00C632F8 /* extension.swift in Sources */ = {isa = PBXBuildFile; fileRef = A9872B91240B8E9E00C632F8 /* extension.swift */; };
/* End PBXBuildFile section */

/* Begin PBXContainerItemProxy section */
		A9770F9A23E50A01005F79E3 /* PBXContainerItemProxy */ = {
			isa = PBXContainerItemProxy;
			containerPortal = A929672C23D087B100807D6D /* Project object */;
			proxyType = 1;
			remoteGlobalIDString = A929673323D087B100807D6D;
			remoteInfo = Algorithms;
		};
/* End PBXContainerItemProxy section */

/* Begin PBXFileReference section */
		A92039C72418F658005CC0B7 /* BinaryTree.swift */ = {isa = PBXFileReference; lastKnownFileType = sourcecode.swift; path = BinaryTree.swift; sourceTree = "<group>"; };
		A92039DF2419070C005CC0B7 /* LinkedListTest.swift */ = {isa = PBXFileReference; lastKnownFileType = sourcecode.swift; path = LinkedListTest.swift; sourceTree = "<group>"; };
		A92039E324190783005CC0B7 /* BinaryTreeTest.swift */ = {isa = PBXFileReference; lastKnownFileType = sourcecode.swift; path = BinaryTreeTest.swift; sourceTree = "<group>"; };
		A929673423D087B100807D6D /* Algorithms.app */ = {isa = PBXFileReference; explicitFileType = wrapper.application; includeInIndex = 0; path = Algorithms.app; sourceTree = BUILT_PRODUCTS_DIR; };
		A929673723D087B100807D6D /* AppDelegate.swift */ = {isa = PBXFileReference; lastKnownFileType = sourcecode.swift; path = AppDelegate.swift; sourceTree = "<group>"; };
		A929673923D087B100807D6D /* SceneDelegate.swift */ = {isa = PBXFileReference; lastKnownFileType = sourcecode.swift; path = SceneDelegate.swift; sourceTree = "<group>"; };
		A929673B23D087B100807D6D /* ContentView.swift */ = {isa = PBXFileReference; lastKnownFileType = sourcecode.swift; path = ContentView.swift; sourceTree = "<group>"; };
		A929673D23D087B300807D6D /* Assets.xcassets */ = {isa = PBXFileReference; lastKnownFileType = folder.assetcatalog; path = Assets.xcassets; sourceTree = "<group>"; };
		A929674023D087B300807D6D /* Preview Assets.xcassets */ = {isa = PBXFileReference; lastKnownFileType = folder.assetcatalog; path = "Preview Assets.xcassets"; sourceTree = "<group>"; };
		A929674323D087B300807D6D /* Base */ = {isa = PBXFileReference; lastKnownFileType = file.storyboard; name = Base; path = Base.lproj/LaunchScreen.storyboard; sourceTree = "<group>"; };
		A929674523D087B300807D6D /* Info.plist */ = {isa = PBXFileReference; lastKnownFileType = text.plist.xml; path = Info.plist; sourceTree = "<group>"; };
		A929674B23D08B3A00807D6D /* Algorithms.swift */ = {isa = PBXFileReference; lastKnownFileType = sourcecode.swift; path = Algorithms.swift; sourceTree = "<group>"; };
		A932A5A32418EDD0008D31EE /* LinkedList.swift */ = {isa = PBXFileReference; lastKnownFileType = sourcecode.swift; path = LinkedList.swift; sourceTree = "<group>"; };
		A946B50A241E523100978A8C /* Stack.swift */ = {isa = PBXFileReference; lastKnownFileType = sourcecode.swift; path = Stack.swift; sourceTree = "<group>"; };
		A9770F9523E50A01005F79E3 /* AlgorithmsTests.xctest */ = {isa = PBXFileReference; explicitFileType = wrapper.cfbundle; includeInIndex = 0; path = AlgorithmsTests.xctest; sourceTree = BUILT_PRODUCTS_DIR; };
		A9770F9723E50A01005F79E3 /* AlgorithmsTests.swift */ = {isa = PBXFileReference; lastKnownFileType = sourcecode.swift; path = AlgorithmsTests.swift; sourceTree = "<group>"; };
		A9770F9923E50A01005F79E3 /* Info.plist */ = {isa = PBXFileReference; lastKnownFileType = text.plist.xml; path = Info.plist; sourceTree = "<group>"; };
		A9872B91240B8E9E00C632F8 /* extension.swift */ = {isa = PBXFileReference; lastKnownFileType = sourcecode.swift; path = extension.swift; sourceTree = "<group>"; };
/* End PBXFileReference section */

/* Begin PBXFrameworksBuildPhase section */
		A929673123D087B100807D6D /* Frameworks */ = {
			isa = PBXFrameworksBuildPhase;
			buildActionMask = 2147483647;
			files = (
			);
			runOnlyForDeploymentPostprocessing = 0;
		};
		A9770F9223E50A01005F79E3 /* Frameworks */ = {
			isa = PBXFrameworksBuildPhase;
			buildActionMask = 2147483647;
			files = (
			);
			runOnlyForDeploymentPostprocessing = 0;
		};
/* End PBXFrameworksBuildPhase section */

/* Begin PBXGroup section */
		A92039C62418F64B005CC0B7 /* Algorithms */ = {
			isa = PBXGroup;
			children = (
				A929674B23D08B3A00807D6D /* Algorithms.swift */,
			);
			path = Algorithms;
			sourceTree = "<group>";
		};
		A92039C92418F660005CC0B7 /* Data Structure */ = {
			isa = PBXGroup;
			children = (
				A932A5A32418EDD0008D31EE /* LinkedList.swift */,
				A92039C72418F658005CC0B7 /* BinaryTree.swift */,
				A946B50A241E523100978A8C /* Stack.swift */,
			);
			path = "Data Structure";
			sourceTree = "<group>";
		};
		A92039E12419074E005CC0B7 /* Algorithms */ = {
			isa = PBXGroup;
			children = (
				A9770F9723E50A01005F79E3 /* AlgorithmsTests.swift */,
			);
			path = Algorithms;
			sourceTree = "<group>";
		};
		A92039E224190759005CC0B7 /* Data Structures */ = {
			isa = PBXGroup;
			children = (
				A92039E324190783005CC0B7 /* BinaryTreeTest.swift */,
				A92039DF2419070C005CC0B7 /* LinkedListTest.swift */,
			);
			path = "Data Structures";
			sourceTree = "<group>";
		};
		A929672B23D087B100807D6D = {
			isa = PBXGroup;
			children = (
				A929673623D087B100807D6D /* Algorithms */,
				A9770F9623E50A01005F79E3 /* AlgorithmsTests */,
				A929673523D087B100807D6D /* Products */,
			);
			sourceTree = "<group>";
		};
		A929673523D087B100807D6D /* Products */ = {
			isa = PBXGroup;
			children = (
				A929673423D087B100807D6D /* Algorithms.app */,
				A9770F9523E50A01005F79E3 /* AlgorithmsTests.xctest */,
			);
			name = Products;
			sourceTree = "<group>";
		};
		A929673623D087B100807D6D /* Algorithms */ = {
			isa = PBXGroup;
			children = (
				A929673723D087B100807D6D /* AppDelegate.swift */,
				A92039C62418F64B005CC0B7 /* Algorithms */,
				A92039C92418F660005CC0B7 /* Data Structure */,
				A929673923D087B100807D6D /* SceneDelegate.swift */,
				A929673B23D087B100807D6D /* ContentView.swift */,
				A929673D23D087B300807D6D /* Assets.xcassets */,
				A929674223D087B300807D6D /* LaunchScreen.storyboard */,
				A929674523D087B300807D6D /* Info.plist */,
				A929673F23D087B300807D6D /* Preview Content */,
				A9872B91240B8E9E00C632F8 /* extension.swift */,
			);
			path = Algorithms;
			sourceTree = "<group>";
		};
		A929673F23D087B300807D6D /* Preview Content */ = {
			isa = PBXGroup;
			children = (
				A929674023D087B300807D6D /* Preview Assets.xcassets */,
			);
			path = "Preview Content";
			sourceTree = "<group>";
		};
		A9770F9623E50A01005F79E3 /* AlgorithmsTests */ = {
			isa = PBXGroup;
			children = (
				A92039E224190759005CC0B7 /* Data Structures */,
				A92039E12419074E005CC0B7 /* Algorithms */,
				A9770F9923E50A01005F79E3 /* Info.plist */,
			);
			path = AlgorithmsTests;
			sourceTree = "<group>";
		};
/* End PBXGroup section */

/* Begin PBXNativeTarget section */
		A929673323D087B100807D6D /* Algorithms */ = {
			isa = PBXNativeTarget;
			buildConfigurationList = A929674823D087B300807D6D /* Build configuration list for PBXNativeTarget "Algorithms" */;
			buildPhases = (
				A929673023D087B100807D6D /* Sources */,
				A929673123D087B100807D6D /* Frameworks */,
				A929673223D087B100807D6D /* Resources */,
			);
			buildRules = (
			);
			dependencies = (
			);
			name = Algorithms;
			productName = Algorithms;
			productReference = A929673423D087B100807D6D /* Algorithms.app */;
			productType = "com.apple.product-type.application";
		};
		A9770F9423E50A01005F79E3 /* AlgorithmsTests */ = {
			isa = PBXNativeTarget;
			buildConfigurationList = A9770F9E23E50A01005F79E3 /* Build configuration list for PBXNativeTarget "AlgorithmsTests" */;
			buildPhases = (
				A9770F9123E50A01005F79E3 /* Sources */,
				A9770F9223E50A01005F79E3 /* Frameworks */,
				A9770F9323E50A01005F79E3 /* Resources */,
			);
			buildRules = (
			);
			dependencies = (
				A9770F9B23E50A01005F79E3 /* PBXTargetDependency */,
			);
			name = AlgorithmsTests;
			productName = AlgorithmsTests;
			productReference = A9770F9523E50A01005F79E3 /* AlgorithmsTests.xctest */;
			productType = "com.apple.product-type.bundle.unit-test";
		};
/* End PBXNativeTarget section */

/* Begin PBXProject section */
		A929672C23D087B100807D6D /* Project object */ = {
			isa = PBXProject;
			attributes = {
				LastSwiftUpdateCheck = 1110;
				LastUpgradeCheck = 1110;
				ORGANIZATIONNAME = "Stanley Jin";
				TargetAttributes = {
					A929673323D087B100807D6D = {
						CreatedOnToolsVersion = 11.1;
					};
					A9770F9423E50A01005F79E3 = {
						CreatedOnToolsVersion = 11.1;
						TestTargetID = A929673323D087B100807D6D;
					};
				};
			};
			buildConfigurationList = A929672F23D087B100807D6D /* Build configuration list for PBXProject "Algorithms" */;
			compatibilityVersion = "Xcode 9.3";
			developmentRegion = en;
			hasScannedForEncodings = 0;
			knownRegions = (
				en,
				Base,
			);
			mainGroup = A929672B23D087B100807D6D;
			productRefGroup = A929673523D087B100807D6D /* Products */;
			projectDirPath = "";
			projectRoot = "";
			targets = (
				A929673323D087B100807D6D /* Algorithms */,
				A9770F9423E50A01005F79E3 /* AlgorithmsTests */,
			);
		};
/* End PBXProject section */

/* Begin PBXResourcesBuildPhase section */
		A929673223D087B100807D6D /* Resources */ = {
			isa = PBXResourcesBuildPhase;
			buildActionMask = 2147483647;
			files = (
				A929674423D087B300807D6D /* LaunchScreen.storyboard in Resources */,
				A929674123D087B300807D6D /* Preview Assets.xcassets in Resources */,
				A929673E23D087B300807D6D /* Assets.xcassets in Resources */,
			);
			runOnlyForDeploymentPostprocessing = 0;
		};
		A9770F9323E50A01005F79E3 /* Resources */ = {
			isa = PBXResourcesBuildPhase;
			buildActionMask = 2147483647;
			files = (
			);
			runOnlyForDeploymentPostprocessing = 0;
		};
/* End PBXResourcesBuildPhase section */

/* Begin PBXSourcesBuildPhase section */
		A929673023D087B100807D6D /* Sources */ = {
			isa = PBXSourcesBuildPhase;
			buildActionMask = 2147483647;
			files = (
				A929673823D087B100807D6D /* AppDelegate.swift in Sources */,
				A92039C82418F658005CC0B7 /* BinaryTree.swift in Sources */,
				A929674C23D08B3A00807D6D /* Algorithms.swift in Sources */,
				A929673A23D087B100807D6D /* SceneDelegate.swift in Sources */,
				A946B50B241E523100978A8C /* Stack.swift in Sources */,
				A932A5A42418EDD0008D31EE /* LinkedList.swift in Sources */,
				A9872B92240B8E9E00C632F8 /* extension.swift in Sources */,
				A929673C23D087B100807D6D /* ContentView.swift in Sources */,
			);
			runOnlyForDeploymentPostprocessing = 0;
		};
		A9770F9123E50A01005F79E3 /* Sources */ = {
			isa = PBXSourcesBuildPhase;
			buildActionMask = 2147483647;
			files = (
				A92039E02419070C005CC0B7 /* LinkedListTest.swift in Sources */,
				A92039E424190783005CC0B7 /* BinaryTreeTest.swift in Sources */,
				A9770F9823E50A01005F79E3 /* AlgorithmsTests.swift in Sources */,
			);
			runOnlyForDeploymentPostprocessing = 0;
		};
/* End PBXSourcesBuildPhase section */

/* Begin PBXTargetDependency section */
		A9770F9B23E50A01005F79E3 /* PBXTargetDependency */ = {
			isa = PBXTargetDependency;
			target = A929673323D087B100807D6D /* Algorithms */;
			targetProxy = A9770F9A23E50A01005F79E3 /* PBXContainerItemProxy */;
		};
/* End PBXTargetDependency section */

/* Begin PBXVariantGroup section */
		A929674223D087B300807D6D /* LaunchScreen.storyboard */ = {
			isa = PBXVariantGroup;
			children = (
				A929674323D087B300807D6D /* Base */,
			);
			name = LaunchScreen.storyboard;
			sourceTree = "<group>";
		};
/* End PBXVariantGroup section */

/* Begin XCBuildConfiguration section */
		A929674623D087B300807D6D /* Debug */ = {
			isa = XCBuildConfiguration;
			buildSettings = {
				ALWAYS_SEARCH_USER_PATHS = NO;
				CLANG_ANALYZER_NONNULL = YES;
				CLANG_ANALYZER_NUMBER_OBJECT_CONVERSION = YES_AGGRESSIVE;
				CLANG_CXX_LANGUAGE_STANDARD = "gnu++14";
				CLANG_CXX_LIBRARY = "libc++";
				CLANG_ENABLE_MODULES = YES;
				CLANG_ENABLE_OBJC_ARC = YES;
				CLANG_ENABLE_OBJC_WEAK = YES;
				CLANG_WARN_BLOCK_CAPTURE_AUTORELEASING = YES;
				CLANG_WARN_BOOL_CONVERSION = YES;
				CLANG_WARN_COMMA = YES;
				CLANG_WARN_CONSTANT_CONVERSION = YES;
				CLANG_WARN_DEPRECATED_OBJC_IMPLEMENTATIONS = YES;
				CLANG_WARN_DIRECT_OBJC_ISA_USAGE = YES_ERROR;
				CLANG_WARN_DOCUMENTATION_COMMENTS = YES;
				CLANG_WARN_EMPTY_BODY = YES;
				CLANG_WARN_ENUM_CONVERSION = YES;
				CLANG_WARN_INFINITE_RECURSION = YES;
				CLANG_WARN_INT_CONVERSION = YES;
				CLANG_WARN_NON_LITERAL_NULL_CONVERSION = YES;
				CLANG_WARN_OBJC_IMPLICIT_RETAIN_SELF = YES;
				CLANG_WARN_OBJC_LITERAL_CONVERSION = YES;
				CLANG_WARN_OBJC_ROOT_CLASS = YES_ERROR;
				CLANG_WARN_RANGE_LOOP_ANALYSIS = YES;
				CLANG_WARN_STRICT_PROTOTYPES = YES;
				CLANG_WARN_SUSPICIOUS_MOVE = YES;
				CLANG_WARN_UNGUARDED_AVAILABILITY = YES_AGGRESSIVE;
				CLANG_WARN_UNREACHABLE_CODE = YES;
				CLANG_WARN__DUPLICATE_METHOD_MATCH = YES;
				COPY_PHASE_STRIP = NO;
				DEBUG_INFORMATION_FORMAT = dwarf;
				ENABLE_STRICT_OBJC_MSGSEND = YES;
				ENABLE_TESTABILITY = YES;
				GCC_C_LANGUAGE_STANDARD = gnu11;
				GCC_DYNAMIC_NO_PIC = NO;
				GCC_NO_COMMON_BLOCKS = YES;
				GCC_OPTIMIZATION_LEVEL = 0;
				GCC_PREPROCESSOR_DEFINITIONS = (
					"DEBUG=1",
					"$(inherited)",
				);
				GCC_WARN_64_TO_32_BIT_CONVERSION = YES;
				GCC_WARN_ABOUT_RETURN_TYPE = YES_ERROR;
				GCC_WARN_UNDECLARED_SELECTOR = YES;
				GCC_WARN_UNINITIALIZED_AUTOS = YES_AGGRESSIVE;
				GCC_WARN_UNUSED_FUNCTION = YES;
				GCC_WARN_UNUSED_VARIABLE = YES;
				IPHONEOS_DEPLOYMENT_TARGET = 13.1;
				MTL_ENABLE_DEBUG_INFO = INCLUDE_SOURCE;
				MTL_FAST_MATH = YES;
				ONLY_ACTIVE_ARCH = YES;
				SDKROOT = iphoneos;
				SWIFT_ACTIVE_COMPILATION_CONDITIONS = DEBUG;
				SWIFT_OPTIMIZATION_LEVEL = "-Onone";
				SWIFT_VERSION = 5.0;
			};
			name = Debug;
		};
		A929674723D087B300807D6D /* Release */ = {
			isa = XCBuildConfiguration;
			buildSettings = {
				ALWAYS_SEARCH_USER_PATHS = NO;
				CLANG_ANALYZER_NONNULL = YES;
				CLANG_ANALYZER_NUMBER_OBJECT_CONVERSION = YES_AGGRESSIVE;
				CLANG_CXX_LANGUAGE_STANDARD = "gnu++14";
				CLANG_CXX_LIBRARY = "libc++";
				CLANG_ENABLE_MODULES = YES;
				CLANG_ENABLE_OBJC_ARC = YES;
				CLANG_ENABLE_OBJC_WEAK = YES;
				CLANG_WARN_BLOCK_CAPTURE_AUTORELEASING = YES;
				CLANG_WARN_BOOL_CONVERSION = YES;
				CLANG_WARN_COMMA = YES;
				CLANG_WARN_CONSTANT_CONVERSION = YES;
				CLANG_WARN_DEPRECATED_OBJC_IMPLEMENTATIONS = YES;
				CLANG_WARN_DIRECT_OBJC_ISA_USAGE = YES_ERROR;
				CLANG_WARN_DOCUMENTATION_COMMENTS = YES;
				CLANG_WARN_EMPTY_BODY = YES;
				CLANG_WARN_ENUM_CONVERSION = YES;
				CLANG_WARN_INFINITE_RECURSION = YES;
				CLANG_WARN_INT_CONVERSION = YES;
				CLANG_WARN_NON_LITERAL_NULL_CONVERSION = YES;
				CLANG_WARN_OBJC_IMPLICIT_RETAIN_SELF = YES;
				CLANG_WARN_OBJC_LITERAL_CONVERSION = YES;
				CLANG_WARN_OBJC_ROOT_CLASS = YES_ERROR;
				CLANG_WARN_RANGE_LOOP_ANALYSIS = YES;
				CLANG_WARN_STRICT_PROTOTYPES = YES;
				CLANG_WARN_SUSPICIOUS_MOVE = YES;
				CLANG_WARN_UNGUARDED_AVAILABILITY = YES_AGGRESSIVE;
				CLANG_WARN_UNREACHABLE_CODE = YES;
				CLANG_WARN__DUPLICATE_METHOD_MATCH = YES;
				COPY_PHASE_STRIP = NO;
				DEBUG_INFORMATION_FORMAT = "dwarf-with-dsym";
				ENABLE_NS_ASSERTIONS = NO;
				ENABLE_STRICT_OBJC_MSGSEND = YES;
				GCC_C_LANGUAGE_STANDARD = gnu11;
				GCC_NO_COMMON_BLOCKS = YES;
				GCC_WARN_64_TO_32_BIT_CONVERSION = YES;
				GCC_WARN_ABOUT_RETURN_TYPE = YES_ERROR;
				GCC_WARN_UNDECLARED_SELECTOR = YES;
				GCC_WARN_UNINITIALIZED_AUTOS = YES_AGGRESSIVE;
				GCC_WARN_UNUSED_FUNCTION = YES;
				GCC_WARN_UNUSED_VARIABLE = YES;
				IPHONEOS_DEPLOYMENT_TARGET = 13.1;
				MTL_ENABLE_DEBUG_INFO = NO;
				MTL_FAST_MATH = YES;
				SDKROOT = iphoneos;
				SWIFT_COMPILATION_MODE = wholemodule;
				SWIFT_OPTIMIZATION_LEVEL = "-O";
				SWIFT_VERSION = 5.0;
				VALIDATE_PRODUCT = YES;
			};
			name = Release;
		};
		A929674923D087B300807D6D /* Debug */ = {
			isa = XCBuildConfiguration;
			buildSettings = {
				ASSETCATALOG_COMPILER_APPICON_NAME = AppIcon;
				CODE_SIGN_STYLE = Automatic;
				DEVELOPMENT_ASSET_PATHS = "\"Algorithms/Preview Content\"";
				DEVELOPMENT_TEAM = "";
				ENABLE_PREVIEWS = YES;
				INFOPLIST_FILE = Algorithms/Info.plist;
				LD_RUNPATH_SEARCH_PATHS = (
					"$(inherited)",
					"@executable_path/Frameworks",
				);
				PRODUCT_BUNDLE_IDENTIFIER = Z1.Algorithms;
				PRODUCT_NAME = "$(TARGET_NAME)";
				SWIFT_VERSION = 5.0;
				TARGETED_DEVICE_FAMILY = "1,2";
			};
			name = Debug;
		};
		A929674A23D087B300807D6D /* Release */ = {
			isa = XCBuildConfiguration;
			buildSettings = {
				ASSETCATALOG_COMPILER_APPICON_NAME = AppIcon;
				CODE_SIGN_STYLE = Automatic;
				DEVELOPMENT_ASSET_PATHS = "\"Algorithms/Preview Content\"";
				DEVELOPMENT_TEAM = "";
				ENABLE_PREVIEWS = YES;
				INFOPLIST_FILE = Algorithms/Info.plist;
				LD_RUNPATH_SEARCH_PATHS = (
					"$(inherited)",
					"@executable_path/Frameworks",
				);
				PRODUCT_BUNDLE_IDENTIFIER = Z1.Algorithms;
				PRODUCT_NAME = "$(TARGET_NAME)";
				SWIFT_VERSION = 5.0;
				TARGETED_DEVICE_FAMILY = "1,2";
			};
			name = Release;
		};
		A9770F9C23E50A01005F79E3 /* Debug */ = {
			isa = XCBuildConfiguration;
			buildSettings = {
				BUNDLE_LOADER = "$(TEST_HOST)";
				CODE_SIGN_STYLE = Automatic;
				INFOPLIST_FILE = AlgorithmsTests/Info.plist;
				LD_RUNPATH_SEARCH_PATHS = (
					"$(inherited)",
					"@executable_path/Frameworks",
					"@loader_path/Frameworks",
				);
				PRODUCT_BUNDLE_IDENTIFIER = Z1.AlgorithmsTests;
				PRODUCT_NAME = "$(TARGET_NAME)";
				SWIFT_VERSION = 5.0;
				TARGETED_DEVICE_FAMILY = "1,2";
				TEST_HOST = "$(BUILT_PRODUCTS_DIR)/Algorithms.app/Algorithms";
			};
			name = Debug;
		};
		A9770F9D23E50A01005F79E3 /* Release */ = {
			isa = XCBuildConfiguration;
			buildSettings = {
				BUNDLE_LOADER = "$(TEST_HOST)";
				CODE_SIGN_STYLE = Automatic;
				INFOPLIST_FILE = AlgorithmsTests/Info.plist;
				LD_RUNPATH_SEARCH_PATHS = (
					"$(inherited)",
					"@executable_path/Frameworks",
					"@loader_path/Frameworks",
				);
				PRODUCT_BUNDLE_IDENTIFIER = Z1.AlgorithmsTests;
				PRODUCT_NAME = "$(TARGET_NAME)";
				SWIFT_VERSION = 5.0;
				TARGETED_DEVICE_FAMILY = "1,2";
				TEST_HOST = "$(BUILT_PRODUCTS_DIR)/Algorithms.app/Algorithms";
			};
			name = Release;
		};
/* End XCBuildConfiguration section */

/* Begin XCConfigurationList section */
		A929672F23D087B100807D6D /* Build configuration list for PBXProject "Algorithms" */ = {
			isa = XCConfigurationList;
			buildConfigurations = (
				A929674623D087B300807D6D /* Debug */,
				A929674723D087B300807D6D /* Release */,
			);
			defaultConfigurationIsVisible = 0;
			defaultConfigurationName = Release;
		};
		A929674823D087B300807D6D /* Build configuration list for PBXNativeTarget "Algorithms" */ = {
			isa = XCConfigurationList;
			buildConfigurations = (
				A929674923D087B300807D6D /* Debug */,
				A929674A23D087B300807D6D /* Release */,
			);
			defaultConfigurationIsVisible = 0;
			defaultConfigurationName = Release;
		};
		A9770F9E23E50A01005F79E3 /* Build configuration list for PBXNativeTarget "AlgorithmsTests" */ = {
			isa = XCConfigurationList;
			buildConfigurations = (
				A9770F9C23E50A01005F79E3 /* Debug */,
				A9770F9D23E50A01005F79E3 /* Release */,
			);
			defaultConfigurationIsVisible = 0;
			defaultConfigurationName = Release;
		};
/* End XCConfigurationList section */
	};
	rootObject = A929672C23D087B100807D6D /* Project object */;
}
